hash: 8fdcd5cc68e26ddc1de603cbdd257be097a17a902d337b07a88e940f4c33499a
updated: 2017-03-26T11:31:22.992078641-03:00
imports:
- name: github.com/dsnet/compress
  version: b9aab3c6a04eef14c56384b4ad065e7b73438862
  subpackages:
  - bzip2
  - bzip2/internal/sais
  - internal
  - internal/prefix
- name: github.com/klauspost/pgzip
  version: e1189db7261c60cf75c77d573014936620d3d119
  subpackages:
  - '...'
- name: github.com/stretchr/testify
  version: 69483b4bd14f5845b5a1e55bca19e954e827f1d0
  subpackages:
  - assert
testImports:
- name: github.com/davecgh/go-spew
  version: 6d212800a42e8ab5c146b8ace3490ee17e5225f9
  subpackages:
  - spew
- name: github.com/pmezard/go-difflib
  version: d8ed2627bdf02c080bf22230dbb337003b7aba2d
  subpackages:
  - difflib
